
Microsoft Visual Studio Solution File, Format Version 12.00
# Visual Studio Version 17
VisualStudioVersion = 17.6.33815.320
MinimumVisualStudioVersion = 10.0.40219.1
Project("{FAE04EC0-301F-11D3-BF4B-00C04F79EFBC}") = "Glamping", "Glamping\Glamping.csproj", "{C1C8629E-7291-4482-8DE6-FD5A3770EE3C}"
EndProject
Project("{FAE04EC0-301F-11D3-BF4B-00C04F79EFBC}") = "InterfazGlamping", "InterfazGlamping\InterfazGlamping.csproj", "{7162D53C-8498-49F2-9375-9771EAA654D8}"
EndProject
Global
	GlobalSection(SolutionConfigurationPlatforms) = preSolution
		Debug|Any CPU = Debug|Any CPU
		Release|Any CPU = Release|Any CPU
	EndGlobalSection
	GlobalSection(ProjectConfigurationPlatforms) = postSolution
		{C1C8629E-7291-4482-8DE6-FD5A3770EE3C}.Debug|Any CPU.ActiveCfg = Debug|Any CPU
		{C1C8629E-7291-4482-8DE6-FD5A3770EE3C}.Debug|Any CPU.Build.0 = Debug|Any CPU
		{C1C8629E-7291-4482-8DE6-FD5A3770EE3C}.Release|Any CPU.ActiveCfg = Release|Any CPU
		{C1C8629E-7291-4482-8DE6-FD5A3770EE3C}.Release|Any CPU.Build.0 = Release|Any CPU
		{7162D53C-8498-49F2-9375-9771EAA654D8}.Debug|Any CPU.ActiveCfg = Debug|Any CPU
		{7162D53C-8498-49F2-9375-9771EAA654D8}.Debug|Any CPU.Build.0 = Debug|Any CPU
		{7162D53C-8498-49F2-9375-9771EAA654D8}.Release|Any CPU.ActiveCfg = Release|Any CPU
		{7162D53C-8498-49F2-9375-9771EAA654D8}.Release|Any CPU.Build.0 = Release|Any CPU
	EndGlobalSection
	GlobalSection(SolutionProperties) = preSolution
		HideSolutionNode = FALSE
	EndGlobalSection
	GlobalSection(ExtensibilityGlobals) = postSolution
		SolutionGuid = {66248AE6-3808-4664-87DD-CE76708B332A}
	EndGlobalSection
EndGlobal
